{
  "name": "codecraft",
  "lockfileVersion": 3,
  "requires": true,
  "packages": {
    "": {
      "devDependencies": {
        "point-in-svg-polygon": "^1.0.25"
      }
    },
    "node_modules/point-in-svg-polygon": {
      "version": "1.0.25",
      "resolved": "https://registry.npmjs.org/point-in-svg-polygon/-/point-in-svg-polygon-1.0.25.tgz",
      "integrity": "sha512-+awi8uGl58xWLR8MIl5j7sl8mceH/Vl34yyw2kYmMuYFWIWZHNW3qQ+f10GdU0wHW3kPqw/SMcDmXJH4XBVpdg==",
      "dev": true
    }
  }
}
